
Microsoft Visual Studio Solution File, Format Version 12.00
# Visual Studio Version 17
VisualStudioVersion = 17.8.34322.80
MinimumVisualStudioVersion = 10.0.40219.1
Project("{FAE04EC0-301F-11D3-BF4B-00C04F79EFBC}") = "Sort_Algoritms", "Sort_Algoritms\Sort_Algoritms.csproj", "{E762194C-E57E-4832-A29E-23C80112C979}"
EndProject
Project("{FAE04EC0-301F-11D3-BF4B-00C04F79EFBC}") = "UI", "UI\UI.csproj", "{E416ABED-3027-4495-8817-D989AA1A9D85}"
EndProject
Global
	GlobalSection(SolutionConfigurationPlatforms) = preSolution
		Debug|Any CPU = Debug|Any CPU
		Release|Any CPU = Release|Any CPU
	EndGlobalSection
	GlobalSection(ProjectConfigurationPlatforms) = postSolution
		{E762194C-E57E-4832-A29E-23C80112C979}.Debug|Any CPU.ActiveCfg = Debug|Any CPU
		{E762194C-E57E-4832-A29E-23C80112C979}.Debug|Any CPU.Build.0 = Debug|Any CPU
		{E762194C-E57E-4832-A29E-23C80112C979}.Release|Any CPU.ActiveCfg = Release|Any CPU
		{E762194C-E57E-4832-A29E-23C80112C979}.Release|Any CPU.Build.0 = Release|Any CPU
		{E416ABED-3027-4495-8817-D989AA1A9D85}.Debug|Any CPU.ActiveCfg = Debug|Any CPU
		{E416ABED-3027-4495-8817-D989AA1A9D85}.Debug|Any CPU.Build.0 = Debug|Any CPU
		{E416ABED-3027-4495-8817-D989AA1A9D85}.Release|Any CPU.ActiveCfg = Release|Any CPU
		{E416ABED-3027-4495-8817-D989AA1A9D85}.Release|Any CPU.Build.0 = Release|Any CPU
	EndGlobalSection
	GlobalSection(SolutionProperties) = preSolution
		HideSolutionNode = FALSE
	EndGlobalSection
	GlobalSection(ExtensibilityGlobals) = postSolution
		SolutionGuid = {D44BDF6B-662E-4EF4-8035-88C48677D674}
	EndGlobalSection
EndGlobal
